# This file is autogenerated, do not edit; changes may be undone by the next 'dep ensure'.


[[projects]]
  branch = "master"
  name = "github.com/ChimeraCoder/anaconda"
  packages = ["."]
  revision = "0530dae79525a856cc778e15c4c2b03c3f6934b9"

[[projects]]
  branch = "master"
  name = "github.com/ChimeraCoder/tokenbucket"
  packages = ["."]
  revision = "c5a927568de7aad8a58127d80bcd36ca4e71e454"

[[projects]]
  name = "github.com/Sirupsen/logrus"
  packages = ["."]
  revision = "f006c2ac4710855cf0f916dd6b77acf6b048dc6e"
  version = "v1.0.3"

[[projects]]
  branch = "master"
  name = "github.com/azr/backoff"
  packages = ["."]
  revision = "53511d3c733003985b0b76f733df1f4d0095ee6a"

[[projects]]
  branch = "master"
  name = "github.com/dustin/go-jsonpointer"
  packages = ["."]
  revision = "ba0abeacc3dcca5b9b20f31509c46794edbc9965"

[[projects]]
  branch = "master"
  name = "github.com/dustin/gojson"
  packages = ["."]
  revision = "2e71ec9dd5adce3b168cd0dbde03b5cc04951c30"

[[projects]]
  branch = "master"
  name = "github.com/garyburd/go-oauth"
  packages = ["oauth"]
  revision = "166ce8d672783fbb5a72247c3cf459267717e1ec"

[[projects]]
  branch = "master"
  name = "golang.org/x/crypto"
  packages = ["ssh/terminal"]
  revision = "eb71ad9bd329b5ac0fd0148dd99bd62e8be8e035"

[[projects]]
  branch = "master"
  name = "golang.org/x/sys"
  packages = ["unix","windows"]
  revision = "22e23b74325bf60e4cc1ce7bdc157eda0d8b5c13"

[solve-meta]
  analyzer-name = "dep"
  analyzer-version = 1
  inputs-digest = "94408cea34ad161854ce54c08694b3a50b27405a23c75d0dc332d91e06af3b5a"
  solver-name = "gps-cdcl"
  solver-version = 1
